
Microsoft Visual Studio Solution File, Format Version 12.00
# Visual Studio 15
VisualStudioVersion = 15.0.28010.2050
MinimumVisualStudioVersion = 10.0.40219.1
Project("{FAE04EC0-301F-11D3-BF4B-00C04F79EFBC}") = "ExampleLock", "ExampleLock\ExampleLock.csproj", "{1FB947E2-D2B9-4417-8953-4AD083B761EE}"
EndProject
Project("{2150E333-8FDC-42A3-9474-1A3956D46DE8}") = "Solution Items", "Solution Items", "{812DAC4B-4F7A-4DB9-8888-25C65CAEC3C7}"
	ProjectSection(SolutionItems) = preProject
		README = README
	EndProjectSection
EndProject
Global
	GlobalSection(SolutionConfigurationPlatforms) = preSolution
		Debug|Any CPU = Debug|Any CPU
		Release|Any CPU = Release|Any CPU
	EndGlobalSection
	GlobalSection(ProjectConfigurationPlatforms) = postSolution
		{1FB947E2-D2B9-4417-8953-4AD083B761EE}.Debug|Any CPU.ActiveCfg = Debug|Any CPU
		{1FB947E2-D2B9-4417-8953-4AD083B761EE}.Debug|Any CPU.Build.0 = Debug|Any CPU
		{1FB947E2-D2B9-4417-8953-4AD083B761EE}.Release|Any CPU.ActiveCfg = Release|Any CPU
		{1FB947E2-D2B9-4417-8953-4AD083B761EE}.Release|Any CPU.Build.0 = Release|Any CPU
	EndGlobalSection
	GlobalSection(SolutionProperties) = preSolution
		HideSolutionNode = FALSE
	EndGlobalSection
	GlobalSection(ExtensibilityGlobals) = postSolution
		SolutionGuid = {E85BE320-7ECC-45AC-8FB9-E923C6D20A7C}
	EndGlobalSection
EndGlobal
